
Microsoft Visual Studio Solution File, Format Version 12.00
# Visual Studio 15
VisualStudioVersion = 15.0.28307.421
MinimumVisualStudioVersion = 10.0.40219.1
Project("{FAE04EC0-301F-11D3-BF4B-00C04F79EFBC}") = "HRM", "HRM.csproj", "{59E52C88-418D-4642-97C2-34FF6098620A}"
EndProject
Global
	GlobalSection(SolutionConfigurationPlatforms) = preSolution
		Debug|Any CPU = Debug|Any CPU
		Release|Any CPU = Release|Any CPU
	EndGlobalSection
	GlobalSection(ProjectConfigurationPlatforms) = postSolution
		{59E52C88-418D-4642-97C2-34FF6098620A}.Debug|Any CPU.ActiveCfg = Debug|Any CPU
		{59E52C88-418D-4642-97C2-34FF6098620A}.Debug|Any CPU.Build.0 = Debug|Any CPU
		{59E52C88-418D-4642-97C2-34FF6098620A}.Release|Any CPU.ActiveCfg = Release|Any CPU
		{59E52C88-418D-4642-97C2-34FF6098620A}.Release|Any CPU.Build.0 = Release|Any CPU
	EndGlobalSection
	GlobalSection(SolutionProperties) = preSolution
		HideSolutionNode = FALSE
	EndGlobalSection
	GlobalSection(ExtensibilityGlobals) = postSolution
		SolutionGuid = {7CACC23B-D090-4560-9960-D7818FD885C9}
	EndGlobalSection
EndGlobal
